
Microsoft Visual Studio Solution File, Format Version 12.00
# Visual Studio 15
VisualStudioVersion = 15.0.27004.2002
MinimumVisualStudioVersion = 10.0.40219.1
Project("{FAE04EC0-301F-11D3-BF4B-00C04F79EFBC}") = "Zadanie1", "Zadanie1\Zadanie1.csproj", "{8A6A0D5C-12B9-44F9-965F-33309AC1A255}"
EndProject
Project("{FAE04EC0-301F-11D3-BF4B-00C04F79EFBC}") = "Zadanie2", "Zadanie2\Zadanie2.csproj", "{A73B5B5E-B5CA-4ED8-8578-A8761038E30E}"
EndProject
Project("{FAE04EC0-301F-11D3-BF4B-00C04F79EFBC}") = "Zadanie3", "Zadanie3\Zadanie3.csproj", "{2913A1F7-444A-409C-92D7-035FAB8A55DB}"
EndProject
Project("{FAE04EC0-301F-11D3-BF4B-00C04F79EFBC}") = "Zadanie6", "ConsoleApp1\Zadanie6.csproj", "{2AC29A0C-5032-4B5D-A38E-5A0561209507}"
EndProject
Project("{FAE04EC0-301F-11D3-BF4B-00C04F79EFBC}") = "Zadanie7", "Zadanie7\Zadanie7.csproj", "{AB74303B-BCF3-4EEB-9BD6-0FCEF44947D3}"
EndProject
Project("{FAE04EC0-301F-11D3-BF4B-00C04F79EFBC}") = "Zadanie8", "Zadanie8\Zadanie8.csproj", "{1A123340-A69B-41B4-9BF4-28DA7C501358}"
EndProject
Project("{FAE04EC0-301F-11D3-BF4B-00C04F79EFBC}") = "Zadanie9", "Zadanie9\Zadanie9.csproj", "{DAEC898D-F51B-46F1-9BB5-2108B942665C}"
EndProject
Project("{FAE04EC0-301F-11D3-BF4B-00C04F79EFBC}") = "Zadanie10", "Zadanie10\Zadanie10.csproj", "{8F2469BA-E073-49E6-8241-1825D9D24DF8}"
EndProject
Project("{FAE04EC0-301F-11D3-BF4B-00C04F79EFBC}") = "Zadanie4", "Zadanie4\Zadanie4.csproj", "{DF5515EE-B575-4D73-B89C-16955782BB98}"
EndProject
Project("{FAE04EC0-301F-11D3-BF4B-00C04F79EFBC}") = "Zadanie5", "Zadanie5\Zadanie5.csproj", "{36E56ADF-F7B2-40BF-A567-659C8AB74C5C}"
EndProject
Global
	GlobalSection(SolutionConfigurationPlatforms) = preSolution
		Debug|Any CPU = Debug|Any CPU
		Debug|x64 = Debug|x64
		Debug|x86 = Debug|x86
		Release|Any CPU = Release|Any CPU
		Release|x64 = Release|x64
		Release|x86 = Release|x86
	EndGlobalSection
	GlobalSection(ProjectConfigurationPlatforms) = postSolution
		{8A6A0D5C-12B9-44F9-965F-33309AC1A255}.Debug|Any CPU.ActiveCfg = Debug|Any CPU
		{8A6A0D5C-12B9-44F9-965F-33309AC1A255}.Debug|Any CPU.Build.0 = Debug|Any CPU
		{8A6A0D5C-12B9-44F9-965F-33309AC1A255}.Debug|x64.ActiveCfg = Debug|Any CPU
		{8A6A0D5C-12B9-44F9-965F-33309AC1A255}.Debug|x64.Build.0 = Debug|Any CPU
		{8A6A0D5C-12B9-44F9-965F-33309AC1A255}.Debug|x86.ActiveCfg = Debug|Any CPU
		{8A6A0D5C-12B9-44F9-965F-33309AC1A255}.Debug|x86.Build.0 = Debug|Any CPU
		{8A6A0D5C-12B9-44F9-965F-33309AC1A255}.Release|Any CPU.ActiveCfg = Release|Any CPU
		{8A6A0D5C-12B9-44F9-965F-33309AC1A255}.Release|Any CPU.Build.0 = Release|Any CPU
		{8A6A0D5C-12B9-44F9-965F-33309AC1A255}.Release|x64.ActiveCfg = Release|Any CPU
		{8A6A0D5C-12B9-44F9-965F-33309AC1A255}.Release|x64.Build.0 = Release|Any CPU
		{8A6A0D5C-12B9-44F9-965F-33309AC1A255}.Release|x86.ActiveCfg = Release|Any CPU
		{8A6A0D5C-12B9-44F9-965F-33309AC1A255}.Release|x86.Build.0 = Release|Any CPU
		{A73B5B5E-B5CA-4ED8-8578-A8761038E30E}.Debug|Any CPU.ActiveCfg = Debug|Any CPU
		{A73B5B5E-B5CA-4ED8-8578-A8761038E30E}.Debug|Any CPU.Build.0 = Debug|Any CPU
		{A73B5B5E-B5CA-4ED8-8578-A8761038E30E}.Debug|x64.ActiveCfg = Debug|Any CPU
		{A73B5B5E-B5CA-4ED8-8578-A8761038E30E}.Debug|x64.Build.0 = Debug|Any CPU
		{A73B5B5E-B5CA-4ED8-8578-A8761038E30E}.Debug|x86.ActiveCfg = Debug|Any CPU
		{A73B5B5E-B5CA-4ED8-8578-A8761038E30E}.Debug|x86.Build.0 = Debug|Any CPU
		{A73B5B5E-B5CA-4ED8-8578-A8761038E30E}.Release|Any CPU.ActiveCfg = Release|Any CPU
		{A73B5B5E-B5CA-4ED8-8578-A8761038E30E}.Release|Any CPU.Build.0 = Release|Any CPU
		{A73B5B5E-B5CA-4ED8-8578-A8761038E30E}.Release|x64.ActiveCfg = Release|Any CPU
		{A73B5B5E-B5CA-4ED8-8578-A8761038E30E}.Release|x64.Build.0 = Release|Any CPU
		{A73B5B5E-B5CA-4ED8-8578-A8761038E30E}.Release|x86.ActiveCfg = Release|Any CPU
		{A73B5B5E-B5CA-4ED8-8578-A8761038E30E}.Release|x86.Build.0 = Release|Any CPU
		{2913A1F7-444A-409C-92D7-035FAB8A55DB}.Debug|Any CPU.ActiveCfg = Debug|Any CPU
		{2913A1F7-444A-409C-92D7-035FAB8A55DB}.Debug|Any CPU.Build.0 = Debug|Any CPU
		{2913A1F7-444A-409C-92D7-035FAB8A55DB}.Debug|x64.ActiveCfg = Debug|Any CPU
		{2913A1F7-444A-409C-92D7-035FAB8A55DB}.Debug|x64.Build.0 = Debug|Any CPU
		{2913A1F7-444A-409C-92D7-035FAB8A55DB}.Debug|x86.ActiveCfg = Debug|Any CPU
		{2913A1F7-444A-409C-92D7-035FAB8A55DB}.Debug|x86.Build.0 = Debug|Any CPU
		{2913A1F7-444A-409C-92D7-035FAB8A55DB}.Release|Any CPU.ActiveCfg = Release|Any CPU
		{2913A1F7-444A-409C-92D7-035FAB8A55DB}.Release|Any CPU.Build.0 = Release|Any CPU
		{2913A1F7-444A-409C-92D7-035FAB8A55DB}.Release|x64.ActiveCfg = Release|Any CPU
		{2913A1F7-444A-409C-92D7-035FAB8A55DB}.Release|x64.Build.0 = Release|Any CPU
		{2913A1F7-444A-409C-92D7-035FAB8A55DB}.Release|x86.ActiveCfg = Release|Any CPU
		{2913A1F7-444A-409C-92D7-035FAB8A55DB}.Release|x86.Build.0 = Release|Any CPU
		{2AC29A0C-5032-4B5D-A38E-5A0561209507}.Debug|Any CPU.ActiveCfg = Debug|Any CPU
		{2AC29A0C-5032-4B5D-A38E-5A0561209507}.Debug|Any CPU.Build.0 = Debug|Any CPU
		{2AC29A0C-5032-4B5D-A38E-5A0561209507}.Debug|x64.ActiveCfg = Debug|Any CPU
		{2AC29A0C-5032-4B5D-A38E-5A0561209507}.Debug|x64.Build.0 = Debug|Any CPU
		{2AC29A0C-5032-4B5D-A38E-5A0561209507}.Debug|x86.ActiveCfg = Debug|Any CPU
		{2AC29A0C-5032-4B5D-A38E-5A0561209507}.Debug|x86.Build.0 = Debug|Any CPU
		{2AC29A0C-5032-4B5D-A38E-5A0561209507}.Release|Any CPU.ActiveCfg = Release|Any CPU
		{2AC29A0C-5032-4B5D-A38E-5A0561209507}.Release|Any CPU.Build.0 = Release|Any CPU
		{2AC29A0C-5032-4B5D-A38E-5A0561209507}.Release|x64.ActiveCfg = Release|Any CPU
		{2AC29A0C-5032-4B5D-A38E-5A0561209507}.Release|x64.Build.0 = Release|Any CPU
		{2AC29A0C-5032-4B5D-A38E-5A0561209507}.Release|x86.ActiveCfg = Release|Any CPU
		{2AC29A0C-5032-4B5D-A38E-5A0561209507}.Release|x86.Build.0 = Release|Any CPU
		{AB74303B-BCF3-4EEB-9BD6-0FCEF44947D3}.Debug|Any CPU.ActiveCfg = Debug|Any CPU
		{AB74303B-BCF3-4EEB-9BD6-0FCEF44947D3}.Debug|Any CPU.Build.0 = Debug|Any CPU
		{AB74303B-BCF3-4EEB-9BD6-0FCEF44947D3}.Debug|x64.ActiveCfg = Debug|Any CPU
		{AB74303B-BCF3-4EEB-9BD6-0FCEF44947D3}.Debug|x64.Build.0 = Debug|Any CPU
		{AB74303B-BCF3-4EEB-9BD6-0FCEF44947D3}.Debug|x86.ActiveCfg = Debug|Any CPU
		{AB74303B-BCF3-4EEB-9BD6-0FCEF44947D3}.Debug|x86.Build.0 = Debug|Any CPU
		{AB74303B-BCF3-4EEB-9BD6-0FCEF44947D3}.Release|Any CPU.ActiveCfg = Release|Any CPU
		{AB74303B-BCF3-4EEB-9BD6-0FCEF44947D3}.Release|Any CPU.Build.0 = Release|Any CPU
		{AB74303B-BCF3-4EEB-9BD6-0FCEF44947D3}.Release|x64.ActiveCfg = Release|Any CPU
		{AB74303B-BCF3-4EEB-9BD6-0FCEF44947D3}.Release|x64.Build.0 = Release|Any CPU
		{AB74303B-BCF3-4EEB-9BD6-0FCEF44947D3}.Release|x86.ActiveCfg = Release|Any CPU
		{AB74303B-BCF3-4EEB-9BD6-0FCEF44947D3}.Release|x86.Build.0 = Release|Any CPU
		{1A123340-A69B-41B4-9BF4-28DA7C501358}.Debug|Any CPU.ActiveCfg = Debug|Any CPU
		{1A123340-A69B-41B4-9BF4-28DA7C501358}.Debug|Any CPU.Build.0 = Debug|Any CPU
		{1A123340-A69B-41B4-9BF4-28DA7C501358}.Debug|x64.ActiveCfg = Debug|Any CPU
		{1A123340-A69B-41B4-9BF4-28DA7C501358}.Debug|x64.Build.0 = Debug|Any CPU
		{1A123340-A69B-41B4-9BF4-28DA7C501358}.Debug|x86.ActiveCfg = Debug|Any CPU
		{1A123340-A69B-41B4-9BF4-28DA7C501358}.Debug|x86.Build.0 = Debug|Any CPU
		{1A123340-A69B-41B4-9BF4-28DA7C501358}.Release|Any CPU.ActiveCfg = Release|Any CPU
		{1A123340-A69B-41B4-9BF4-28DA7C501358}.Release|Any CPU.Build.0 = Release|Any CPU
		{1A123340-A69B-41B4-9BF4-28DA7C501358}.Release|x64.ActiveCfg = Release|Any CPU
		{1A123340-A69B-41B4-9BF4-28DA7C501358}.Release|x64.Build.0 = Release|Any CPU
		{1A123340-A69B-41B4-9BF4-28DA7C501358}.Release|x86.ActiveCfg = Release|Any CPU
		{1A123340-A69B-41B4-9BF4-28DA7C501358}.Release|x86.Build.0 = Release|Any CPU
		{DAEC898D-F51B-46F1-9BB5-2108B942665C}.Debug|Any CPU.ActiveCfg = Debug|Any CPU
		{DAEC898D-F51B-46F1-9BB5-2108B942665C}.Debug|Any CPU.Build.0 = Debug|Any CPU
		{DAEC898D-F51B-46F1-9BB5-2108B942665C}.Debug|x64.ActiveCfg = Debug|Any CPU
		{DAEC898D-F51B-46F1-9BB5-2108B942665C}.Debug|x64.Build.0 = Debug|Any CPU
		{DAEC898D-F51B-46F1-9BB5-2108B942665C}.Debug|x86.ActiveCfg = Debug|Any CPU
		{DAEC898D-F51B-46F1-9BB5-2108B942665C}.Debug|x86.Build.0 = Debug|Any CPU
		{DAEC898D-F51B-46F1-9BB5-2108B942665C}.Release|Any CPU.ActiveCfg = Release|Any CPU
		{DAEC898D-F51B-46F1-9BB5-2108B942665C}.Release|Any CPU.Build.0 = Release|Any CPU
		{DAEC898D-F51B-46F1-9BB5-2108B942665C}.Release|x64.ActiveCfg = Release|Any CPU
		{DAEC898D-F51B-46F1-9BB5-2108B942665C}.Release|x64.Build.0 = Release|Any CPU
		{DAEC898D-F51B-46F1-9BB5-2108B942665C}.Release|x86.ActiveCfg = Release|Any CPU
		{DAEC898D-F51B-46F1-9BB5-2108B942665C}.Release|x86.Build.0 = Release|Any CPU
		{8F2469BA-E073-49E6-8241-1825D9D24DF8}.Debug|Any CPU.ActiveCfg = Debug|Any CPU
		{8F2469BA-E073-49E6-8241-1825D9D24DF8}.Debug|Any CPU.Build.0 = Debug|Any CPU
		{8F2469BA-E073-49E6-8241-1825D9D24DF8}.Debug|x64.ActiveCfg = Debug|Any CPU
		{8F2469BA-E073-49E6-8241-1825D9D24DF8}.Debug|x64.Build.0 = Debug|Any CPU
		{8F2469BA-E073-49E6-8241-1825D9D24DF8}.Debug|x86.ActiveCfg = Debug|Any CPU
		{8F2469BA-E073-49E6-8241-1825D9D24DF8}.Debug|x86.Build.0 = Debug|Any CPU
		{8F2469BA-E073-49E6-8241-1825D9D24DF8}.Release|Any CPU.ActiveCfg = Release|Any CPU
		{8F2469BA-E073-49E6-8241-1825D9D24DF8}.Release|Any CPU.Build.0 = Release|Any CPU
		{8F2469BA-E073-49E6-8241-1825D9D24DF8}.Release|x64.ActiveCfg = Release|Any CPU
		{8F2469BA-E073-49E6-8241-1825D9D24DF8}.Release|x64.Build.0 = Release|Any CPU
		{8F2469BA-E073-49E6-8241-1825D9D24DF8}.Release|x86.ActiveCfg = Release|Any CPU
		{8F2469BA-E073-49E6-8241-1825D9D24DF8}.Release|x86.Build.0 = Release|Any CPU
		{DF5515EE-B575-4D73-B89C-16955782BB98}.Debug|Any CPU.ActiveCfg = Debug|Any CPU
		{DF5515EE-B575-4D73-B89C-16955782BB98}.Debug|Any CPU.Build.0 = Debug|Any CPU
		{DF5515EE-B575-4D73-B89C-16955782BB98}.Debug|x64.ActiveCfg = Debug|Any CPU
		{DF5515EE-B575-4D73-B89C-16955782BB98}.Debug|x64.Build.0 = Debug|Any CPU
		{DF5515EE-B575-4D73-B89C-16955782BB98}.Debug|x86.ActiveCfg = Debug|Any CPU
		{DF5515EE-B575-4D73-B89C-16955782BB98}.Debug|x86.Build.0 = Debug|Any CPU
		{DF5515EE-B575-4D73-B89C-16955782BB98}.Release|Any CPU.ActiveCfg = Release|Any CPU
		{DF5515EE-B575-4D73-B89C-16955782BB98}.Release|Any CPU.Build.0 = Release|Any CPU
		{DF5515EE-B575-4D73-B89C-16955782BB98}.Release|x64.ActiveCfg = Release|Any CPU
		{DF5515EE-B575-4D73-B89C-16955782BB98}.Release|x64.Build.0 = Release|Any CPU
		{DF5515EE-B575-4D73-B89C-16955782BB98}.Release|x86.ActiveCfg = Release|Any CPU
		{DF5515EE-B575-4D73-B89C-16955782BB98}.Release|x86.Build.0 = Release|Any CPU
		{36E56ADF-F7B2-40BF-A567-659C8AB74C5C}.Debug|Any CPU.ActiveCfg = Debug|Any CPU
		{36E56ADF-F7B2-40BF-A567-659C8AB74C5C}.Debug|Any CPU.Build.0 = Debug|Any CPU
		{36E56ADF-F7B2-40BF-A567-659C8AB74C5C}.Debug|x64.ActiveCfg = Debug|Any CPU
		{36E56ADF-F7B2-40BF-A567-659C8AB74C5C}.Debug|x64.Build.0 = Debug|Any CPU
		{36E56ADF-F7B2-40BF-A567-659C8AB74C5C}.Debug|x86.ActiveCfg = Debug|Any CPU
		{36E56ADF-F7B2-40BF-A567-659C8AB74C5C}.Debug|x86.Build.0 = Debug|Any CPU
		{36E56ADF-F7B2-40BF-A567-659C8AB74C5C}.Release|Any CPU.ActiveCfg = Release|Any CPU
		{36E56ADF-F7B2-40BF-A567-659C8AB74C5C}.Release|Any CPU.Build.0 = Release|Any CPU
		{36E56ADF-F7B2-40BF-A567-659C8AB74C5C}.Release|x64.ActiveCfg = Release|Any CPU
		{36E56ADF-F7B2-40BF-A567-659C8AB74C5C}.Release|x64.Build.0 = Release|Any CPU
		{36E56ADF-F7B2-40BF-A567-659C8AB74C5C}.Release|x86.ActiveCfg = Release|Any CPU
		{36E56ADF-F7B2-40BF-A567-659C8AB74C5C}.Release|x86.Build.0 = Release|Any CPU
	EndGlobalSection
	GlobalSection(SolutionProperties) = preSolution
		HideSolutionNode = FALSE
	EndGlobalSection
	GlobalSection(ExtensibilityGlobals) = postSolution
		SolutionGuid = {C4D931F0-A429-4804-A47D-BABC1D7CED46}
	EndGlobalSection
EndGlobal
