
Microsoft Visual Studio Solution File, Format Version 12.00
# Visual Studio 15
VisualStudioVersion = 15.0.27004.2002
MinimumVisualStudioVersion = 10.0.40219.1
Project("{FAE04EC0-301F-11D3-BF4B-00C04F79EFBC}") = "Zadanie1", "Zadanie1\Zadanie1.csproj", "{905CCAE5-DD6E-44EE-AA48-4BBC662D7352}"
EndProject
Project("{FAE04EC0-301F-11D3-BF4B-00C04F79EFBC}") = "Zadanie2", "Zadanie2\Zadanie2.csproj", "{303CF622-2EE7-49E2-ABD6-CA7F161989EF}"
EndProject
Global
	GlobalSection(SolutionConfigurationPlatforms) = preSolution
		Debug|Any CPU = Debug|Any CPU
		Release|Any CPU = Release|Any CPU
	EndGlobalSection
	GlobalSection(ProjectConfigurationPlatforms) = postSolution
		{905CCAE5-DD6E-44EE-AA48-4BBC662D7352}.Debug|Any CPU.ActiveCfg = Debug|Any CPU
		{905CCAE5-DD6E-44EE-AA48-4BBC662D7352}.Debug|Any CPU.Build.0 = Debug|Any CPU
		{905CCAE5-DD6E-44EE-AA48-4BBC662D7352}.Release|Any CPU.ActiveCfg = Release|Any CPU
		{905CCAE5-DD6E-44EE-AA48-4BBC662D7352}.Release|Any CPU.Build.0 = Release|Any CPU
		{303CF622-2EE7-49E2-ABD6-CA7F161989EF}.Debug|Any CPU.ActiveCfg = Debug|Any CPU
		{303CF622-2EE7-49E2-ABD6-CA7F161989EF}.Debug|Any CPU.Build.0 = Debug|Any CPU
		{303CF622-2EE7-49E2-ABD6-CA7F161989EF}.Release|Any CPU.ActiveCfg = Release|Any CPU
		{303CF622-2EE7-49E2-ABD6-CA7F161989EF}.Release|Any CPU.Build.0 = Release|Any CPU
	EndGlobalSection
	GlobalSection(SolutionProperties) = preSolution
		HideSolutionNode = FALSE
	EndGlobalSection
	GlobalSection(ExtensibilityGlobals) = postSolution
		SolutionGuid = {96F0C7FD-A756-4F17-93D3-EC3C5B837EE7}
	EndGlobalSection
EndGlobal
