
Microsoft Visual Studio Solution File, Format Version 12.00
# Visual Studio 15
VisualStudioVersion = 15.0.27004.2002
MinimumVisualStudioVersion = 10.0.40219.1
Project("{FAE04EC0-301F-11D3-BF4B-00C04F79EFBC}") = "Zadanie1", "Zadanie1\Zadanie1.csproj", "{905CCAE5-DD6E-44EE-AA48-4BBC662D7352}"
EndProject
Project("{FAE04EC0-301F-11D3-BF4B-00C04F79EFBC}") = "Zadanie2", "Zadanie2\Zadanie2.csproj", "{303CF622-2EE7-49E2-ABD6-CA7F161989EF}"
EndProject
Project("{FAE04EC0-301F-11D3-BF4B-00C04F79EFBC}") = "Zadanie_3", "Zadanie_3\Zadanie_3.csproj", "{D9670A27-65FB-44F5-B900-76766988372F}"
EndProject
Project("{FAE04EC0-301F-11D3-BF4B-00C04F79EFBC}") = "Zadanie4", "Zadanie4\Zadanie4.csproj", "{51EADC35-C53A-42F0-A0D2-8BBC80719F1E}"
EndProject
Project("{FAE04EC0-301F-11D3-BF4B-00C04F79EFBC}") = "Zadanie5", "Zadanie5\Zadanie5.csproj", "{23833C16-1E8B-48B5-8D27-B3E77841616C}"
EndProject
Project("{FAE04EC0-301F-11D3-BF4B-00C04F79EFBC}") = "Zadanie6", "Zadanie6\Zadanie6.csproj", "{70C5C6D0-70F5-498B-858F-F438E66D2203}"
EndProject
Project("{FAE04EC0-301F-11D3-BF4B-00C04F79EFBC}") = "Zadanie7", "Zadanie7\Zadanie7.csproj", "{8E8ABD3D-4D10-447C-946F-E4DF20839984}"
EndProject
Project("{FAE04EC0-301F-11D3-BF4B-00C04F79EFBC}") = "Zadanie8", "Zadanie8\Zadanie8.csproj", "{EEF1CBBF-B691-4507-A113-4E2B8B3CAE0C}"
EndProject
Project("{FAE04EC0-301F-11D3-BF4B-00C04F79EFBC}") = "Zadanie9", "Zadanie9\Zadanie9.csproj", "{A68CCA2C-37F9-4372-9CE9-85573EFCFF75}"
EndProject
Project("{FAE04EC0-301F-11D3-BF4B-00C04F79EFBC}") = "Zadanie10", "Zadanie10\Zadanie10.csproj", "{FC9F9979-539C-4FA8-ADE4-AB7C0EA7F132}"
EndProject
Project("{FAE04EC0-301F-11D3-BF4B-00C04F79EFBC}") = "Zadanie11", "Zadanie11\Zadanie11.csproj", "{0299817A-40DE-44CE-8A8B-606EC4AE5BEB}"
EndProject
Project("{FAE04EC0-301F-11D3-BF4B-00C04F79EFBC}") = "Zadanie12", "Zadanie12\Zadanie12.csproj", "{7448CABC-5065-42A5-AD8E-27EF96088038}"
EndProject
Project("{FAE04EC0-301F-11D3-BF4B-00C04F79EFBC}") = "Zadanie13", "Zadanie13\Zadanie13.csproj", "{093A458F-EC32-4DDE-9D12-2B78DDFEDF41}"
EndProject
Project("{FAE04EC0-301F-11D3-BF4B-00C04F79EFBC}") = "Zadanie14", "Zadanie14\Zadanie14.csproj", "{AF63DEC4-A031-4DDA-87F4-98CB99D8193F}"
EndProject
Project("{FAE04EC0-301F-11D3-BF4B-00C04F79EFBC}") = "Zadanie15", "Zadanie15\Zadanie15.csproj", "{470A1851-A7DD-42BD-8AF3-243AFEFF03F2}"
EndProject
Project("{FAE04EC0-301F-11D3-BF4B-00C04F79EFBC}") = "Zadanie16", "Zadanie16\Zadanie16.csproj", "{D008CC9E-DF8F-4CF9-87B2-867CA60B6383}"
EndProject
Project("{FAE04EC0-301F-11D3-BF4B-00C04F79EFBC}") = "Zadanie17", "ConsoleApp1\Zadanie17.csproj", "{829CFE9C-8678-42E7-8E44-DA3A96C4EF96}"
EndProject
Project("{FAE04EC0-301F-11D3-BF4B-00C04F79EFBC}") = "Zadanie18", "Zadanie18\Zadanie18.csproj", "{375E01D1-4517-4928-A213-D8F846AA7751}"
EndProject
Project("{FAE04EC0-301F-11D3-BF4B-00C04F79EFBC}") = "Zadanie19", "Zadanie19\Zadanie19.csproj", "{9E104F20-2B93-4FA9-B816-559D44339340}"
EndProject
Global
	GlobalSection(SolutionConfigurationPlatforms) = preSolution
		Debug|Any CPU = Debug|Any CPU
		Release|Any CPU = Release|Any CPU
	EndGlobalSection
	GlobalSection(ProjectConfigurationPlatforms) = postSolution
		{905CCAE5-DD6E-44EE-AA48-4BBC662D7352}.Debug|Any CPU.ActiveCfg = Debug|Any CPU
		{905CCAE5-DD6E-44EE-AA48-4BBC662D7352}.Debug|Any CPU.Build.0 = Debug|Any CPU
		{905CCAE5-DD6E-44EE-AA48-4BBC662D7352}.Release|Any CPU.ActiveCfg = Release|Any CPU
		{905CCAE5-DD6E-44EE-AA48-4BBC662D7352}.Release|Any CPU.Build.0 = Release|Any CPU
		{303CF622-2EE7-49E2-ABD6-CA7F161989EF}.Debug|Any CPU.ActiveCfg = Debug|Any CPU
		{303CF622-2EE7-49E2-ABD6-CA7F161989EF}.Debug|Any CPU.Build.0 = Debug|Any CPU
		{303CF622-2EE7-49E2-ABD6-CA7F161989EF}.Release|Any CPU.ActiveCfg = Release|Any CPU
		{303CF622-2EE7-49E2-ABD6-CA7F161989EF}.Release|Any CPU.Build.0 = Release|Any CPU
		{D9670A27-65FB-44F5-B900-76766988372F}.Debug|Any CPU.ActiveCfg = Debug|Any CPU
		{D9670A27-65FB-44F5-B900-76766988372F}.Debug|Any CPU.Build.0 = Debug|Any CPU
		{D9670A27-65FB-44F5-B900-76766988372F}.Release|Any CPU.ActiveCfg = Release|Any CPU
		{D9670A27-65FB-44F5-B900-76766988372F}.Release|Any CPU.Build.0 = Release|Any CPU
		{51EADC35-C53A-42F0-A0D2-8BBC80719F1E}.Debug|Any CPU.ActiveCfg = Debug|Any CPU
		{51EADC35-C53A-42F0-A0D2-8BBC80719F1E}.Debug|Any CPU.Build.0 = Debug|Any CPU
		{51EADC35-C53A-42F0-A0D2-8BBC80719F1E}.Release|Any CPU.ActiveCfg = Release|Any CPU
		{51EADC35-C53A-42F0-A0D2-8BBC80719F1E}.Release|Any CPU.Build.0 = Release|Any CPU
		{23833C16-1E8B-48B5-8D27-B3E77841616C}.Debug|Any CPU.ActiveCfg = Debug|Any CPU
		{23833C16-1E8B-48B5-8D27-B3E77841616C}.Debug|Any CPU.Build.0 = Debug|Any CPU
		{23833C16-1E8B-48B5-8D27-B3E77841616C}.Release|Any CPU.ActiveCfg = Release|Any CPU
		{23833C16-1E8B-48B5-8D27-B3E77841616C}.Release|Any CPU.Build.0 = Release|Any CPU
		{70C5C6D0-70F5-498B-858F-F438E66D2203}.Debug|Any CPU.ActiveCfg = Debug|Any CPU
		{70C5C6D0-70F5-498B-858F-F438E66D2203}.Debug|Any CPU.Build.0 = Debug|Any CPU
		{70C5C6D0-70F5-498B-858F-F438E66D2203}.Release|Any CPU.ActiveCfg = Release|Any CPU
		{70C5C6D0-70F5-498B-858F-F438E66D2203}.Release|Any CPU.Build.0 = Release|Any CPU
		{8E8ABD3D-4D10-447C-946F-E4DF20839984}.Debug|Any CPU.ActiveCfg = Debug|Any CPU
		{8E8ABD3D-4D10-447C-946F-E4DF20839984}.Debug|Any CPU.Build.0 = Debug|Any CPU
		{8E8ABD3D-4D10-447C-946F-E4DF20839984}.Release|Any CPU.ActiveCfg = Release|Any CPU
		{8E8ABD3D-4D10-447C-946F-E4DF20839984}.Release|Any CPU.Build.0 = Release|Any CPU
		{EEF1CBBF-B691-4507-A113-4E2B8B3CAE0C}.Debug|Any CPU.ActiveCfg = Debug|Any CPU
		{EEF1CBBF-B691-4507-A113-4E2B8B3CAE0C}.Debug|Any CPU.Build.0 = Debug|Any CPU
		{EEF1CBBF-B691-4507-A113-4E2B8B3CAE0C}.Release|Any CPU.ActiveCfg = Release|Any CPU
		{EEF1CBBF-B691-4507-A113-4E2B8B3CAE0C}.Release|Any CPU.Build.0 = Release|Any CPU
		{A68CCA2C-37F9-4372-9CE9-85573EFCFF75}.Debug|Any CPU.ActiveCfg = Debug|Any CPU
		{A68CCA2C-37F9-4372-9CE9-85573EFCFF75}.Debug|Any CPU.Build.0 = Debug|Any CPU
		{A68CCA2C-37F9-4372-9CE9-85573EFCFF75}.Release|Any CPU.ActiveCfg = Release|Any CPU
		{A68CCA2C-37F9-4372-9CE9-85573EFCFF75}.Release|Any CPU.Build.0 = Release|Any CPU
		{FC9F9979-539C-4FA8-ADE4-AB7C0EA7F132}.Debug|Any CPU.ActiveCfg = Debug|Any CPU
		{FC9F9979-539C-4FA8-ADE4-AB7C0EA7F132}.Debug|Any CPU.Build.0 = Debug|Any CPU
		{FC9F9979-539C-4FA8-ADE4-AB7C0EA7F132}.Release|Any CPU.ActiveCfg = Release|Any CPU
		{FC9F9979-539C-4FA8-ADE4-AB7C0EA7F132}.Release|Any CPU.Build.0 = Release|Any CPU
		{0299817A-40DE-44CE-8A8B-606EC4AE5BEB}.Debug|Any CPU.ActiveCfg = Debug|Any CPU
		{0299817A-40DE-44CE-8A8B-606EC4AE5BEB}.Debug|Any CPU.Build.0 = Debug|Any CPU
		{0299817A-40DE-44CE-8A8B-606EC4AE5BEB}.Release|Any CPU.ActiveCfg = Release|Any CPU
		{0299817A-40DE-44CE-8A8B-606EC4AE5BEB}.Release|Any CPU.Build.0 = Release|Any CPU
		{7448CABC-5065-42A5-AD8E-27EF96088038}.Debug|Any CPU.ActiveCfg = Debug|Any CPU
		{7448CABC-5065-42A5-AD8E-27EF96088038}.Debug|Any CPU.Build.0 = Debug|Any CPU
		{7448CABC-5065-42A5-AD8E-27EF96088038}.Release|Any CPU.ActiveCfg = Release|Any CPU
		{7448CABC-5065-42A5-AD8E-27EF96088038}.Release|Any CPU.Build.0 = Release|Any CPU
		{093A458F-EC32-4DDE-9D12-2B78DDFEDF41}.Debug|Any CPU.ActiveCfg = Debug|Any CPU
		{093A458F-EC32-4DDE-9D12-2B78DDFEDF41}.Debug|Any CPU.Build.0 = Debug|Any CPU
		{093A458F-EC32-4DDE-9D12-2B78DDFEDF41}.Release|Any CPU.ActiveCfg = Release|Any CPU
		{093A458F-EC32-4DDE-9D12-2B78DDFEDF41}.Release|Any CPU.Build.0 = Release|Any CPU
		{AF63DEC4-A031-4DDA-87F4-98CB99D8193F}.Debug|Any CPU.ActiveCfg = Debug|Any CPU
		{AF63DEC4-A031-4DDA-87F4-98CB99D8193F}.Debug|Any CPU.Build.0 = Debug|Any CPU
		{AF63DEC4-A031-4DDA-87F4-98CB99D8193F}.Release|Any CPU.ActiveCfg = Release|Any CPU
		{AF63DEC4-A031-4DDA-87F4-98CB99D8193F}.Release|Any CPU.Build.0 = Release|Any CPU
		{470A1851-A7DD-42BD-8AF3-243AFEFF03F2}.Debug|Any CPU.ActiveCfg = Debug|Any CPU
		{470A1851-A7DD-42BD-8AF3-243AFEFF03F2}.Debug|Any CPU.Build.0 = Debug|Any CPU
		{470A1851-A7DD-42BD-8AF3-243AFEFF03F2}.Release|Any CPU.ActiveCfg = Release|Any CPU
		{470A1851-A7DD-42BD-8AF3-243AFEFF03F2}.Release|Any CPU.Build.0 = Release|Any CPU
		{D008CC9E-DF8F-4CF9-87B2-867CA60B6383}.Debug|Any CPU.ActiveCfg = Debug|Any CPU
		{D008CC9E-DF8F-4CF9-87B2-867CA60B6383}.Debug|Any CPU.Build.0 = Debug|Any CPU
		{D008CC9E-DF8F-4CF9-87B2-867CA60B6383}.Release|Any CPU.ActiveCfg = Release|Any CPU
		{D008CC9E-DF8F-4CF9-87B2-867CA60B6383}.Release|Any CPU.Build.0 = Release|Any CPU
		{829CFE9C-8678-42E7-8E44-DA3A96C4EF96}.Debug|Any CPU.ActiveCfg = Debug|Any CPU
		{829CFE9C-8678-42E7-8E44-DA3A96C4EF96}.Debug|Any CPU.Build.0 = Debug|Any CPU
		{829CFE9C-8678-42E7-8E44-DA3A96C4EF96}.Release|Any CPU.ActiveCfg = Release|Any CPU
		{829CFE9C-8678-42E7-8E44-DA3A96C4EF96}.Release|Any CPU.Build.0 = Release|Any CPU
		{375E01D1-4517-4928-A213-D8F846AA7751}.Debug|Any CPU.ActiveCfg = Debug|Any CPU
		{375E01D1-4517-4928-A213-D8F846AA7751}.Debug|Any CPU.Build.0 = Debug|Any CPU
		{375E01D1-4517-4928-A213-D8F846AA7751}.Release|Any CPU.ActiveCfg = Release|Any CPU
		{375E01D1-4517-4928-A213-D8F846AA7751}.Release|Any CPU.Build.0 = Release|Any CPU
		{9E104F20-2B93-4FA9-B816-559D44339340}.Debug|Any CPU.ActiveCfg = Debug|Any CPU
		{9E104F20-2B93-4FA9-B816-559D44339340}.Debug|Any CPU.Build.0 = Debug|Any CPU
		{9E104F20-2B93-4FA9-B816-559D44339340}.Release|Any CPU.ActiveCfg = Release|Any CPU
		{9E104F20-2B93-4FA9-B816-559D44339340}.Release|Any CPU.Build.0 = Release|Any CPU
	EndGlobalSection
	GlobalSection(SolutionProperties) = preSolution
		HideSolutionNode = FALSE
	EndGlobalSection
	GlobalSection(ExtensibilityGlobals) = postSolution
		SolutionGuid = {96F0C7FD-A756-4F17-93D3-EC3C5B837EE7}
	EndGlobalSection
EndGlobal
