
Microsoft Visual Studio Solution File, Format Version 12.00
# Visual Studio 15
VisualStudioVersion = 15.0.27004.2002
MinimumVisualStudioVersion = 10.0.40219.1
Project("{FAE04EC0-301F-11D3-BF4B-00C04F79EFBC}") = "Zadanie_1", "Zadanie_1\Zadanie_1.csproj", "{2DF48BD6-21F2-4823-AD50-0FE9D7FCE510}"
EndProject
Project("{FAE04EC0-301F-11D3-BF4B-00C04F79EFBC}") = "Zadanie2", "Zadanie2\Zadanie2.csproj", "{A5956EDA-533F-4F85-B68C-7DDDACB0CBD6}"
EndProject
Project("{FAE04EC0-301F-11D3-BF4B-00C04F79EFBC}") = "Zadanie1", "Zadanie1\Zadanie1.csproj", "{EC057003-2EB9-4F68-B537-C702A4A8CD73}"
EndProject
Project("{FAE04EC0-301F-11D3-BF4B-00C04F79EFBC}") = "Zadanie3", "Zadanie3\Zadanie3.csproj", "{0ED89450-0E53-4AD0-8986-028FB833F2A5}"
EndProject
Project("{FAE04EC0-301F-11D3-BF4B-00C04F79EFBC}") = "Zadanie4", "Zadanie4\Zadanie4.csproj", "{BF1BA653-63AF-4171-A8E5-21294DF7AB19}"
EndProject
Project("{FAE04EC0-301F-11D3-BF4B-00C04F79EFBC}") = "Zadanie5", "Zadanie5\Zadanie5.csproj", "{EE025912-E916-4B0D-B460-FEAEDE99A2D7}"
EndProject
Project("{FAE04EC0-301F-11D3-BF4B-00C04F79EFBC}") = "Zadanie6", "Zadanie6\Zadanie6.csproj", "{AD1135E9-E6AE-45CA-9A7F-B08DD1F9A9EF}"
EndProject
Project("{FAE04EC0-301F-11D3-BF4B-00C04F79EFBC}") = "Zadanie7", "Zadanie7\Zadanie7.csproj", "{04F6613B-573F-4615-9D15-173A2C56953C}"
EndProject
Project("{FAE04EC0-301F-11D3-BF4B-00C04F79EFBC}") = "Zadanie8", "Zadanie8\Zadanie8.csproj", "{BE926D97-6E3D-4352-9F49-53BD57F92970}"
EndProject
Project("{FAE04EC0-301F-11D3-BF4B-00C04F79EFBC}") = "Zadanie9", "Zadanie9\Zadanie9.csproj", "{4B67F10C-1368-4253-954A-92A0115D8A90}"
EndProject
Project("{FAE04EC0-301F-11D3-BF4B-00C04F79EFBC}") = "Zadanie10", "Zadanie10\Zadanie10.csproj", "{71C565C4-F24E-49FD-AC86-9D0A2A683D59}"
EndProject
Global
	GlobalSection(SolutionConfigurationPlatforms) = preSolution
		Debug|Any CPU = Debug|Any CPU
		Release|Any CPU = Release|Any CPU
	EndGlobalSection
	GlobalSection(ProjectConfigurationPlatforms) = postSolution
		{2DF48BD6-21F2-4823-AD50-0FE9D7FCE510}.Debug|Any CPU.ActiveCfg = Debug|Any CPU
		{2DF48BD6-21F2-4823-AD50-0FE9D7FCE510}.Debug|Any CPU.Build.0 = Debug|Any CPU
		{2DF48BD6-21F2-4823-AD50-0FE9D7FCE510}.Release|Any CPU.ActiveCfg = Release|Any CPU
		{2DF48BD6-21F2-4823-AD50-0FE9D7FCE510}.Release|Any CPU.Build.0 = Release|Any CPU
		{A5956EDA-533F-4F85-B68C-7DDDACB0CBD6}.Debug|Any CPU.ActiveCfg = Debug|Any CPU
		{A5956EDA-533F-4F85-B68C-7DDDACB0CBD6}.Debug|Any CPU.Build.0 = Debug|Any CPU
		{A5956EDA-533F-4F85-B68C-7DDDACB0CBD6}.Release|Any CPU.ActiveCfg = Release|Any CPU
		{A5956EDA-533F-4F85-B68C-7DDDACB0CBD6}.Release|Any CPU.Build.0 = Release|Any CPU
		{EC057003-2EB9-4F68-B537-C702A4A8CD73}.Debug|Any CPU.ActiveCfg = Debug|Any CPU
		{EC057003-2EB9-4F68-B537-C702A4A8CD73}.Debug|Any CPU.Build.0 = Debug|Any CPU
		{EC057003-2EB9-4F68-B537-C702A4A8CD73}.Release|Any CPU.ActiveCfg = Release|Any CPU
		{EC057003-2EB9-4F68-B537-C702A4A8CD73}.Release|Any CPU.Build.0 = Release|Any CPU
		{0ED89450-0E53-4AD0-8986-028FB833F2A5}.Debug|Any CPU.ActiveCfg = Debug|Any CPU
		{0ED89450-0E53-4AD0-8986-028FB833F2A5}.Debug|Any CPU.Build.0 = Debug|Any CPU
		{0ED89450-0E53-4AD0-8986-028FB833F2A5}.Release|Any CPU.ActiveCfg = Release|Any CPU
		{0ED89450-0E53-4AD0-8986-028FB833F2A5}.Release|Any CPU.Build.0 = Release|Any CPU
		{BF1BA653-63AF-4171-A8E5-21294DF7AB19}.Debug|Any CPU.ActiveCfg = Debug|Any CPU
		{BF1BA653-63AF-4171-A8E5-21294DF7AB19}.Debug|Any CPU.Build.0 = Debug|Any CPU
		{BF1BA653-63AF-4171-A8E5-21294DF7AB19}.Release|Any CPU.ActiveCfg = Release|Any CPU
		{BF1BA653-63AF-4171-A8E5-21294DF7AB19}.Release|Any CPU.Build.0 = Release|Any CPU
		{EE025912-E916-4B0D-B460-FEAEDE99A2D7}.Debug|Any CPU.ActiveCfg = Debug|Any CPU
		{EE025912-E916-4B0D-B460-FEAEDE99A2D7}.Debug|Any CPU.Build.0 = Debug|Any CPU
		{EE025912-E916-4B0D-B460-FEAEDE99A2D7}.Release|Any CPU.ActiveCfg = Release|Any CPU
		{EE025912-E916-4B0D-B460-FEAEDE99A2D7}.Release|Any CPU.Build.0 = Release|Any CPU
		{AD1135E9-E6AE-45CA-9A7F-B08DD1F9A9EF}.Debug|Any CPU.ActiveCfg = Debug|Any CPU
		{AD1135E9-E6AE-45CA-9A7F-B08DD1F9A9EF}.Debug|Any CPU.Build.0 = Debug|Any CPU
		{AD1135E9-E6AE-45CA-9A7F-B08DD1F9A9EF}.Release|Any CPU.ActiveCfg = Release|Any CPU
		{AD1135E9-E6AE-45CA-9A7F-B08DD1F9A9EF}.Release|Any CPU.Build.0 = Release|Any CPU
		{04F6613B-573F-4615-9D15-173A2C56953C}.Debug|Any CPU.ActiveCfg = Debug|Any CPU
		{04F6613B-573F-4615-9D15-173A2C56953C}.Debug|Any CPU.Build.0 = Debug|Any CPU
		{04F6613B-573F-4615-9D15-173A2C56953C}.Release|Any CPU.ActiveCfg = Release|Any CPU
		{04F6613B-573F-4615-9D15-173A2C56953C}.Release|Any CPU.Build.0 = Release|Any CPU
		{BE926D97-6E3D-4352-9F49-53BD57F92970}.Debug|Any CPU.ActiveCfg = Debug|Any CPU
		{BE926D97-6E3D-4352-9F49-53BD57F92970}.Debug|Any CPU.Build.0 = Debug|Any CPU
		{BE926D97-6E3D-4352-9F49-53BD57F92970}.Release|Any CPU.ActiveCfg = Release|Any CPU
		{BE926D97-6E3D-4352-9F49-53BD57F92970}.Release|Any CPU.Build.0 = Release|Any CPU
		{4B67F10C-1368-4253-954A-92A0115D8A90}.Debug|Any CPU.ActiveCfg = Debug|Any CPU
		{4B67F10C-1368-4253-954A-92A0115D8A90}.Debug|Any CPU.Build.0 = Debug|Any CPU
		{4B67F10C-1368-4253-954A-92A0115D8A90}.Release|Any CPU.ActiveCfg = Release|Any CPU
		{4B67F10C-1368-4253-954A-92A0115D8A90}.Release|Any CPU.Build.0 = Release|Any CPU
		{71C565C4-F24E-49FD-AC86-9D0A2A683D59}.Debug|Any CPU.ActiveCfg = Debug|Any CPU
		{71C565C4-F24E-49FD-AC86-9D0A2A683D59}.Debug|Any CPU.Build.0 = Debug|Any CPU
		{71C565C4-F24E-49FD-AC86-9D0A2A683D59}.Release|Any CPU.ActiveCfg = Release|Any CPU
		{71C565C4-F24E-49FD-AC86-9D0A2A683D59}.Release|Any CPU.Build.0 = Release|Any CPU
	EndGlobalSection
	GlobalSection(SolutionProperties) = preSolution
		HideSolutionNode = FALSE
	EndGlobalSection
	GlobalSection(ExtensibilityGlobals) = postSolution
		SolutionGuid = {2B2C619B-EE85-4BDD-B70A-B91AD332962E}
	EndGlobalSection
EndGlobal
